
Microsoft Visual Studio Solution File, Format Version 12.00
# Visual Studio Version 17
VisualStudioVersion = 17.4.33213.308
MinimumVisualStudioVersion = 10.0.40219.1
Project("{9A19103F-16F7-4668-BE54-9A1E7A4F7556}") = "MagicVillaAPI", "MagicVillaAPI\MagicVillaAPI.csproj", "{B8FAE58E-5167-4747-8649-79DE7D91AE97}"
EndProject
Project("{FAE04EC0-301F-11D3-BF4B-00C04F79EFBC}") = "MagicVilla_Web", "MagicVilla_Web\MagicVilla_Web.csproj", "{20C8341D-7984-41F5-8DDA-32B402CD840A}"
EndProject
Project("{FAE04EC0-301F-11D3-BF4B-00C04F79EFBC}") = "MagicVillaUtility", "MagicVillaUtility\MagicVillaUtility.csproj", "{F71717B3-FB7D-4FB8-9DB4-745DF9642DE2}"
EndProject
Global
	GlobalSection(SolutionConfigurationPlatforms) = preSolution
		Debug|Any CPU = Debug|Any CPU
		Release|Any CPU = Release|Any CPU
	EndGlobalSection
	GlobalSection(ProjectConfigurationPlatforms) = postSolution
		{B8FAE58E-5167-4747-8649-79DE7D91AE97}.Debug|Any CPU.ActiveCfg = Debug|Any CPU
		{B8FAE58E-5167-4747-8649-79DE7D91AE97}.Debug|Any CPU.Build.0 = Debug|Any CPU
		{B8FAE58E-5167-4747-8649-79DE7D91AE97}.Release|Any CPU.ActiveCfg = Release|Any CPU
		{B8FAE58E-5167-4747-8649-79DE7D91AE97}.Release|Any CPU.Build.0 = Release|Any CPU
		{20C8341D-7984-41F5-8DDA-32B402CD840A}.Debug|Any CPU.ActiveCfg = Debug|Any CPU
		{20C8341D-7984-41F5-8DDA-32B402CD840A}.Debug|Any CPU.Build.0 = Debug|Any CPU
		{20C8341D-7984-41F5-8DDA-32B402CD840A}.Release|Any CPU.ActiveCfg = Release|Any CPU
		{20C8341D-7984-41F5-8DDA-32B402CD840A}.Release|Any CPU.Build.0 = Release|Any CPU
		{F71717B3-FB7D-4FB8-9DB4-745DF9642DE2}.Debug|Any CPU.ActiveCfg = Debug|Any CPU
		{F71717B3-FB7D-4FB8-9DB4-745DF9642DE2}.Debug|Any CPU.Build.0 = Debug|Any CPU
		{F71717B3-FB7D-4FB8-9DB4-745DF9642DE2}.Release|Any CPU.ActiveCfg = Release|Any CPU
		{F71717B3-FB7D-4FB8-9DB4-745DF9642DE2}.Release|Any CPU.Build.0 = Release|Any CPU
	EndGlobalSection
	GlobalSection(SolutionProperties) = preSolution
		HideSolutionNode = FALSE
	EndGlobalSection
	GlobalSection(ExtensibilityGlobals) = postSolution
		SolutionGuid = {D37278B5-F232-4709-81DD-8D30327FC6B4}
	EndGlobalSection
EndGlobal
